// !$*UTF8*$!
{
	archiveVersion = 1;
	classes = {
	};
	objectVersion = 56;
	objects = {

/* Begin PBXBuildFile section */
		1D57BAF32C06F8D600AEB8B3 /* ToDoListWidgetApp.swift in Sources */ = {isa = PBXBuildFile; fileRef = 1D57BAF22C06F8D600AEB8B3 /* ToDoListWidgetApp.swift */; };
		1D57BAF52C06F8D600AEB8B3 /* ContentView.swift in Sources */ = {isa = PBXBuildFile; fileRef = 1D57BAF42C06F8D600AEB8B3 /* ContentView.swift */; };
		1D57BAF72C06F8D700AEB8B3 /* Assets.xcassets in Resources */ = {isa = PBXBuildFile; fileRef = 1D57BAF62C06F8D700AEB8B3 /* Assets.xcassets */; };
		1D57BAFA2C06F8D700AEB8B3 /* Preview Assets.xcassets in Resources */ = {isa = PBXBuildFile; fileRef = 1D57BAF92C06F8D700AEB8B3 /* Preview Assets.xcassets */; };
		1D57BB032C0701E300AEB8B3 /* Task.swift in Sources */ = {isa = PBXBuildFile; fileRef = 1D57BB022C0701E300AEB8B3 /* Task.swift */; };
		1D57BB072C0835D600AEB8B3 /* TaskRow.swift in Sources */ = {isa = PBXBuildFile; fileRef = 1D57BB062C0835D600AEB8B3 /* TaskRow.swift */; };
		1D57BB092C08376500AEB8B3 /* ModelData.swift in Sources */ = {isa = PBXBuildFile; fileRef = 1D57BB082C08376500AEB8B3 /* ModelData.swift */; };
		1D7546BF2C08411800B7EDF6 /* TaskList.swift in Sources */ = {isa = PBXBuildFile; fileRef = 1D7546BE2C08411800B7EDF6 /* TaskList.swift */; };
		1D7546C12C08441100B7EDF6 /* TaskDetail.swift in Sources */ = {isa = PBXBuildFile; fileRef = 1D7546C02C08441100B7EDF6 /* TaskDetail.swift */; };
		1D8263882C084B8C006DF16B /* TaskData.json in Resources */ = {isa = PBXBuildFile; fileRef = 1D8263872C084B8C006DF16B /* TaskData.json */; };
		1D82638A2C0851B5006DF16B /* DoneTaskList.swift in Sources */ = {isa = PBXBuildFile; fileRef = 1D8263892C0851B5006DF16B /* DoneTaskList.swift */; };
/* End PBXBuildFile section */

/* Begin PBXFileReference section */
		1D57BAEF2C06F8D600AEB8B3 /* ToDoListWidget.app */ = {isa = PBXFileReference; explicitFileType = wrapper.application; includeInIndex = 0; path = ToDoListWidget.app; sourceTree = BUILT_PRODUCTS_DIR; };
		1D57BAF22C06F8D600AEB8B3 /* ToDoListWidgetApp.swift */ = {isa = PBXFileReference; lastKnownFileType = sourcecode.swift; path = ToDoListWidgetApp.swift; sourceTree = "<group>"; };
		1D57BAF42C06F8D600AEB8B3 /* ContentView.swift */ = {isa = PBXFileReference; lastKnownFileType = sourcecode.swift; path = ContentView.swift; sourceTree = "<group>"; };
		1D57BAF62C06F8D700AEB8B3 /* Assets.xcassets */ = {isa = PBXFileReference; lastKnownFileType = folder.assetcatalog; path = Assets.xcassets; sourceTree = "<group>"; };
		1D57BAF92C06F8D700AEB8B3 /* Preview Assets.xcassets */ = {isa = PBXFileReference; lastKnownFileType = folder.assetcatalog; path = "Preview Assets.xcassets"; sourceTree = "<group>"; };
		1D57BB022C0701E300AEB8B3 /* Task.swift */ = {isa = PBXFileReference; lastKnownFileType = sourcecode.swift; path = Task.swift; sourceTree = "<group>"; };
		1D57BB062C0835D600AEB8B3 /* TaskRow.swift */ = {isa = PBXFileReference; lastKnownFileType = sourcecode.swift; path = TaskRow.swift; sourceTree = "<group>"; };
		1D57BB082C08376500AEB8B3 /* ModelData.swift */ = {isa = PBXFileReference; lastKnownFileType = sourcecode.swift; path = ModelData.swift; sourceTree = "<group>"; };
		1D7546BE2C08411800B7EDF6 /* TaskList.swift */ = {isa = PBXFileReference; lastKnownFileType = sourcecode.swift; path = TaskList.swift; sourceTree = "<group>"; };
		1D7546C02C08441100B7EDF6 /* TaskDetail.swift */ = {isa = PBXFileReference; lastKnownFileType = sourcecode.swift; path = TaskDetail.swift; sourceTree = "<group>"; };
		1D8263872C084B8C006DF16B /* TaskData.json */ = {isa = PBXFileReference; fileEncoding = 4; lastKnownFileType = text.json; path = TaskData.json; sourceTree = "<group>"; };
		1D8263892C0851B5006DF16B /* DoneTaskList.swift */ = {isa = PBXFileReference; lastKnownFileType = sourcecode.swift; path = DoneTaskList.swift; sourceTree = "<group>"; };
/* End PBXFileReference section */

/* Begin PBXFrameworksBuildPhase section */
		1D57BAEC2C06F8D600AEB8B3 /* Frameworks */ = {
			isa = PBXFrameworksBuildPhase;
			buildActionMask = 2147483647;
			files = (
			);
			runOnlyForDeploymentPostprocessing = 0;
		};
/* End PBXFrameworksBuildPhase section */

/* Begin PBXGroup section */
		1D57BAE62C06F8D600AEB8B3 = {
			isa = PBXGroup;
			children = (
				1D57BAF12C06F8D600AEB8B3 /* ToDoListWidget */,
				1D57BAF02C06F8D600AEB8B3 /* Products */,
			);
			sourceTree = "<group>";
		};
		1D57BAF02C06F8D600AEB8B3 /* Products */ = {
			isa = PBXGroup;
			children = (
				1D57BAEF2C06F8D600AEB8B3 /* ToDoListWidget.app */,
			);
			name = Products;
			sourceTree = "<group>";
		};
		1D57BAF12C06F8D600AEB8B3 /* ToDoListWidget */ = {
			isa = PBXGroup;
			children = (
				1D57BAF22C06F8D600AEB8B3 /* ToDoListWidgetApp.swift */,
				1D57BB0A2C0838B600AEB8B3 /* Views */,
				1D57BB0B2C0838D200AEB8B3 /* Model */,
				1D57BAF62C06F8D700AEB8B3 /* Assets.xcassets */,
				1D57BAF82C06F8D700AEB8B3 /* Preview Content */,
				1D57BB062C0835D600AEB8B3 /* TaskRow.swift */,
				1D7546BB2C083BC500B7EDF6 /* Resource */,
			);
			path = ToDoListWidget;
			sourceTree = "<group>";
		};
		1D57BAF82C06F8D700AEB8B3 /* Preview Content */ = {
			isa = PBXGroup;
			children = (
				1D57BAF92C06F8D700AEB8B3 /* Preview Assets.xcassets */,
			);
			path = "Preview Content";
			sourceTree = "<group>";
		};
		1D57BB0A2C0838B600AEB8B3 /* Views */ = {
			isa = PBXGroup;
			children = (
				1D57BAF42C06F8D600AEB8B3 /* ContentView.swift */,
				1D7546BE2C08411800B7EDF6 /* TaskList.swift */,
				1D8263892C0851B5006DF16B /* DoneTaskList.swift */,
				1D7546C02C08441100B7EDF6 /* TaskDetail.swift */,
			);
			path = Views;
			sourceTree = "<group>";
		};
		1D57BB0B2C0838D200AEB8B3 /* Model */ = {
			isa = PBXGroup;
			children = (
				1D57BB082C08376500AEB8B3 /* ModelData.swift */,
				1D57BB022C0701E300AEB8B3 /* Task.swift */,
			);
			path = Model;
			sourceTree = "<group>";
		};
		1D7546BB2C083BC500B7EDF6 /* Resource */ = {
			isa = PBXGroup;
			children = (
				1D8263872C084B8C006DF16B /* TaskData.json */,
			);
			path = Resource;
			sourceTree = "<group>";
		};
/* End PBXGroup section */

/* Begin PBXNativeTarget section */
		1D57BAEE2C06F8D600AEB8B3 /* ToDoListWidget */ = {
			isa = PBXNativeTarget;
			buildConfigurationList = 1D57BAFD2C06F8D700AEB8B3 /* Build configuration list for PBXNativeTarget "ToDoListWidget" */;
			buildPhases = (
				1D57BAEB2C06F8D600AEB8B3 /* Sources */,
				1D57BAEC2C06F8D600AEB8B3 /* Frameworks */,
				1D57BAED2C06F8D600AEB8B3 /* Resources */,
			);
			buildRules = (
			);
			dependencies = (
			);
			name = ToDoListWidget;
			productName = ToDoListWidget;
			productReference = 1D57BAEF2C06F8D600AEB8B3 /* ToDoListWidget.app */;
			productType = "com.apple.product-type.application";
		};
/* End PBXNativeTarget section */

/* Begin PBXProject section */
		1D57BAE72C06F8D600AEB8B3 /* Project object */ = {
			isa = PBXProject;
			attributes = {
				BuildIndependentTargetsInParallel = 1;
				LastSwiftUpdateCheck = 1540;
				LastUpgradeCheck = 1540;
				TargetAttributes = {
					1D57BAEE2C06F8D600AEB8B3 = {
						CreatedOnToolsVersion = 15.4;
					};
				};
			};
			buildConfigurationList = 1D57BAEA2C06F8D600AEB8B3 /* Build configuration list for PBXProject "ToDoListWidget" */;
			compatibilityVersion = "Xcode 14.0";
			developmentRegion = en;
			hasScannedForEncodings = 0;
			knownRegions = (
				en,
				Base,
			);
			mainGroup = 1D57BAE62C06F8D600AEB8B3;
			productRefGroup = 1D57BAF02C06F8D600AEB8B3 /* Products */;
			projectDirPath = "";
			projectRoot = "";
			targets = (
				1D57BAEE2C06F8D600AEB8B3 /* ToDoListWidget */,
			);
		};
/* End PBXProject section */

/* Begin PBXResourcesBuildPhase section */
		1D57BAED2C06F8D600AEB8B3 /* Resources */ = {
			isa = PBXResourcesBuildPhase;
			buildActionMask = 2147483647;
			files = (
				1D57BAFA2C06F8D700AEB8B3 /* Preview Assets.xcassets in Resources */,
				1D57BAF72C06F8D700AEB8B3 /* Assets.xcassets in Resources */,
				1D8263882C084B8C006DF16B /* TaskData.json in Resources */,
			);
			runOnlyForDeploymentPostprocessing = 0;
		};
/* End PBXResourcesBuildPhase section */

/* Begin PBXSourcesBuildPhase section */
		1D57BAEB2C06F8D600AEB8B3 /* Sources */ = {
			isa = PBXSourcesBuildPhase;
			buildActionMask = 2147483647;
			files = (
				1D7546BF2C08411800B7EDF6 /* TaskList.swift in Sources */,
				1D57BB072C0835D600AEB8B3 /* TaskRow.swift in Sources */,
				1D82638A2C0851B5006DF16B /* DoneTaskList.swift in Sources */,
				1D57BAF52C06F8D600AEB8B3 /* ContentView.swift in Sources */,
				1D57BB092C08376500AEB8B3 /* ModelData.swift in Sources */,
				1D57BAF32C06F8D600AEB8B3 /* ToDoListWidgetApp.swift in Sources */,
				1D57BB032C0701E300AEB8B3 /* Task.swift in Sources */,
				1D7546C12C08441100B7EDF6 /* TaskDetail.swift in Sources */,
			);
			runOnlyForDeploymentPostprocessing = 0;
		};
/* End PBXSourcesBuildPhase section */

/* Begin XCBuildConfiguration section */
		1D57BAFB2C06F8D700AEB8B3 /* Debug */ = {
			isa = XCBuildConfiguration;
			buildSettings = {
				ALWAYS_SEARCH_USER_PATHS = NO;
				ASSETCATALOG_COMPILER_GENERATE_SWIFT_ASSET_SYMBOL_EXTENSIONS = YES;
				CLANG_ANALYZER_NONNULL = YES;
				CLANG_ANALYZER_NUMBER_OBJECT_CONVERSION = YES_AGGRESSIVE;
				CLANG_CXX_LANGUAGE_STANDARD = "gnu++20";
				CLANG_ENABLE_MODULES = YES;
				CLANG_ENABLE_OBJC_ARC = YES;
				CLANG_ENABLE_OBJC_WEAK = YES;
				CLANG_WARN_BLOCK_CAPTURE_AUTORELEASING = YES;
				CLANG_WARN_BOOL_CONVERSION = YES;
				CLANG_WARN_COMMA = YES;
				CLANG_WARN_CONSTANT_CONVERSION = YES;
				CLANG_WARN_DEPRECATED_OBJC_IMPLEMENTATIONS = YES;
				CLANG_WARN_DIRECT_OBJC_ISA_USAGE = YES_ERROR;
				CLANG_WARN_DOCUMENTATION_COMMENTS = YES;
				CLANG_WARN_EMPTY_BODY = YES;
				CLANG_WARN_ENUM_CONVERSION = YES;
				CLANG_WARN_INFINITE_RECURSION = YES;
				CLANG_WARN_INT_CONVERSION = YES;
				CLANG_WARN_NON_LITERAL_NULL_CONVERSION = YES;
				CLANG_WARN_OBJC_IMPLICIT_RETAIN_SELF = YES;
				CLANG_WARN_OBJC_LITERAL_CONVERSION = YES;
				CLANG_WARN_OBJC_ROOT_CLASS = YES_ERROR;
				CLANG_WARN_QUOTED_INCLUDE_IN_FRAMEWORK_HEADER = YES;
				CLANG_WARN_RANGE_LOOP_ANALYSIS = YES;
				CLANG_WARN_STRICT_PROTOTYPES = YES;
				CLANG_WARN_SUSPICIOUS_MOVE = YES;
				CLANG_WARN_UNGUARDED_AVAILABILITY = YES_AGGRESSIVE;
				CLANG_WARN_UNREACHABLE_CODE = YES;
				CLANG_WARN__DUPLICATE_METHOD_MATCH = YES;
				COPY_PHASE_STRIP = NO;
				DEBUG_INFORMATION_FORMAT = dwarf;
				ENABLE_STRICT_OBJC_MSGSEND = YES;
				ENABLE_TESTABILITY = YES;
				ENABLE_USER_SCRIPT_SANDBOXING = YES;
				GCC_C_LANGUAGE_STANDARD = gnu17;
				GCC_DYNAMIC_NO_PIC = NO;
				GCC_NO_COMMON_BLOCKS = YES;
				GCC_OPTIMIZATION_LEVEL = 0;
				GCC_PREPROCESSOR_DEFINITIONS = (
					"DEBUG=1",
					"$(inherited)",
				);
				GCC_WARN_64_TO_32_BIT_CONVERSION = YES;
				GCC_WARN_ABOUT_RETURN_TYPE = YES_ERROR;
				GCC_WARN_UNDECLARED_SELECTOR = YES;
				GCC_WARN_UNINITIALIZED_AUTOS = YES_AGGRESSIVE;
				GCC_WARN_UNUSED_FUNCTION = YES;
				GCC_WARN_UNUSED_VARIABLE = YES;
				IPHONEOS_DEPLOYMENT_TARGET = 17.5;
				LOCALIZATION_PREFERS_STRING_CATALOGS = YES;
				MTL_ENABLE_DEBUG_INFO = INCLUDE_SOURCE;
				MTL_FAST_MATH = YES;
				ONLY_ACTIVE_ARCH = YES;
				SDKROOT = iphoneos;
				SWIFT_ACTIVE_COMPILATION_CONDITIONS = "DEBUG $(inherited)";
				SWIFT_OPTIMIZATION_LEVEL = "-Onone";
			};
			name = Debug;
		};
		1D57BAFC2C06F8D700AEB8B3 /* Release */ = {
			isa = XCBuildConfiguration;
			buildSettings = {
				ALWAYS_SEARCH_USER_PATHS = NO;
				ASSETCATALOG_COMPILER_GENERATE_SWIFT_ASSET_SYMBOL_EXTENSIONS = YES;
				CLANG_ANALYZER_NONNULL = YES;
				CLANG_ANALYZER_NUMBER_OBJECT_CONVERSION = YES_AGGRESSIVE;
				CLANG_CXX_LANGUAGE_STANDARD = "gnu++20";
				CLANG_ENABLE_MODULES = YES;
				CLANG_ENABLE_OBJC_ARC = YES;
				CLANG_ENABLE_OBJC_WEAK = YES;
				CLANG_WARN_BLOCK_CAPTURE_AUTORELEASING = YES;
				CLANG_WARN_BOOL_CONVERSION = YES;
				CLANG_WARN_COMMA = YES;
				CLANG_WARN_CONSTANT_CONVERSION = YES;
				CLANG_WARN_DEPRECATED_OBJC_IMPLEMENTATIONS = YES;
				CLANG_WARN_DIRECT_OBJC_ISA_USAGE = YES_ERROR;
				CLANG_WARN_DOCUMENTATION_COMMENTS = YES;
				CLANG_WARN_EMPTY_BODY = YES;
				CLANG_WARN_ENUM_CONVERSION = YES;
				CLANG_WARN_INFINITE_RECURSION = YES;
				CLANG_WARN_INT_CONVERSION = YES;
				CLANG_WARN_NON_LITERAL_NULL_CONVERSION = YES;
				CLANG_WARN_OBJC_IMPLICIT_RETAIN_SELF = YES;
				CLANG_WARN_OBJC_LITERAL_CONVERSION = YES;
				CLANG_WARN_OBJC_ROOT_CLASS = YES_ERROR;
				CLANG_WARN_QUOTED_INCLUDE_IN_FRAMEWORK_HEADER = YES;
				CLANG_WARN_RANGE_LOOP_ANALYSIS = YES;
				CLANG_WARN_STRICT_PROTOTYPES = YES;
				CLANG_WARN_SUSPICIOUS_MOVE = YES;
				CLANG_WARN_UNGUARDED_AVAILABILITY = YES_AGGRESSIVE;
				CLANG_WARN_UNREACHABLE_CODE = YES;
				CLANG_WARN__DUPLICATE_METHOD_MATCH = YES;
				COPY_PHASE_STRIP = NO;
				DEBUG_INFORMATION_FORMAT = "dwarf-with-dsym";
				ENABLE_NS_ASSERTIONS = NO;
				ENABLE_STRICT_OBJC_MSGSEND = YES;
				ENABLE_USER_SCRIPT_SANDBOXING = YES;
				GCC_C_LANGUAGE_STANDARD = gnu17;
				GCC_NO_COMMON_BLOCKS = YES;
				GCC_WARN_64_TO_32_BIT_CONVERSION = YES;
				GCC_WARN_ABOUT_RETURN_TYPE = YES_ERROR;
				GCC_WARN_UNDECLARED_SELECTOR = YES;
				GCC_WARN_UNINITIALIZED_AUTOS = YES_AGGRESSIVE;
				GCC_WARN_UNUSED_FUNCTION = YES;
				GCC_WARN_UNUSED_VARIABLE = YES;
				IPHONEOS_DEPLOYMENT_TARGET = 17.5;
				LOCALIZATION_PREFERS_STRING_CATALOGS = YES;
				MTL_ENABLE_DEBUG_INFO = NO;
				MTL_FAST_MATH = YES;
				SDKROOT = iphoneos;
				SWIFT_COMPILATION_MODE = wholemodule;
				VALIDATE_PRODUCT = YES;
			};
			name = Release;
		};
		1D57BAFE2C06F8D700AEB8B3 /* Debug */ = {
			isa = XCBuildConfiguration;
			buildSettings = {
				ASSETCATALOG_COMPILER_APPICON_NAME = AppIcon;
				ASSETCATALOG_COMPILER_GLOBAL_ACCENT_COLOR_NAME = AccentColor;
				CODE_SIGN_STYLE = Automatic;
				CURRENT_PROJECT_VERSION = 1;
				DEVELOPMENT_ASSET_PATHS = "\"ToDoListWidget/Preview Content\"";
				DEVELOPMENT_TEAM = WVX5V7QT8W;
				ENABLE_PREVIEWS = YES;
				GENERATE_INFOPLIST_FILE = YES;
				INFOPLIST_KEY_UIApplicationSceneManifest_Generation = YES;
				INFOPLIST_KEY_UIApplicationSupportsIndirectInputEvents = YES;
				INFOPLIST_KEY_UILaunchScreen_Generation = YES;
				INFOPLIST_KEY_UISupportedInterfaceOrientations_iPad = "UIInterfaceOrientationPortrait UIInterfaceOrientationPortraitUpsideDown UIInterfaceOrientationLandscapeLeft UIInterfaceOrientationLandscapeRight";
				INFOPLIST_KEY_UISupportedInterfaceOrientations_iPhone = "UIInterfaceOrientationPortrait UIInterfaceOrientationLandscapeLeft UIInterfaceOrientationLandscapeRight";
				LD_RUNPATH_SEARCH_PATHS = (
					"$(inherited)",
					"@executable_path/Frameworks",
				);
				MARKETING_VERSION = 1.0;
				PRODUCT_BUNDLE_IDENTIFIER = "suzzang-g.ToDoListWidget";
				PRODUCT_NAME = "$(TARGET_NAME)";
				SWIFT_EMIT_LOC_STRINGS = YES;
				SWIFT_VERSION = 5.0;
				TARGETED_DEVICE_FAMILY = "1,2";
			};
			name = Debug;
		};
		1D57BAFF2C06F8D700AEB8B3 /* Release */ = {
			isa = XCBuildConfiguration;
			buildSettings = {
				ASSETCATALOG_COMPILER_APPICON_NAME = AppIcon;
				ASSETCATALOG_COMPILER_GLOBAL_ACCENT_COLOR_NAME = AccentColor;
				CODE_SIGN_STYLE = Automatic;
				CURRENT_PROJECT_VERSION = 1;
				DEVELOPMENT_ASSET_PATHS = "\"ToDoListWidget/Preview Content\"";
				DEVELOPMENT_TEAM = WVX5V7QT8W;
				ENABLE_PREVIEWS = YES;
				GENERATE_INFOPLIST_FILE = YES;
				INFOPLIST_KEY_UIApplicationSceneManifest_Generation = YES;
				INFOPLIST_KEY_UIApplicationSupportsIndirectInputEvents = YES;
				INFOPLIST_KEY_UILaunchScreen_Generation = YES;
				INFOPLIST_KEY_UISupportedInterfaceOrientations_iPad = "UIInterfaceOrientationPortrait UIInterfaceOrientationPortraitUpsideDown UIInterfaceOrientationLandscapeLeft UIInterfaceOrientationLandscapeRight";
				INFOPLIST_KEY_UISupportedInterfaceOrientations_iPhone = "UIInterfaceOrientationPortrait UIInterfaceOrientationLandscapeLeft UIInterfaceOrientationLandscapeRight";
				LD_RUNPATH_SEARCH_PATHS = (
					"$(inherited)",
					"@executable_path/Frameworks",
				);
				MARKETING_VERSION = 1.0;
				PRODUCT_BUNDLE_IDENTIFIER = "suzzang-g.ToDoListWidget";
				PRODUCT_NAME = "$(TARGET_NAME)";
				SWIFT_EMIT_LOC_STRINGS = YES;
				SWIFT_VERSION = 5.0;
				TARGETED_DEVICE_FAMILY = "1,2";
			};
			name = Release;
		};
/* End XCBuildConfiguration section */

/* Begin XCConfigurationList section */
		1D57BAEA2C06F8D600AEB8B3 /* Build configuration list for PBXProject "ToDoListWidget" */ = {
			isa = XCConfigurationList;
			buildConfigurations = (
				1D57BAFB2C06F8D700AEB8B3 /* Debug */,
				1D57BAFC2C06F8D700AEB8B3 /* Release */,
			);
			defaultConfigurationIsVisible = 0;
			defaultConfigurationName = Release;
		};
		1D57BAFD2C06F8D700AEB8B3 /* Build configuration list for PBXNativeTarget "ToDoListWidget" */ = {
			isa = XCConfigurationList;
			buildConfigurations = (
				1D57BAFE2C06F8D700AEB8B3 /* Debug */,
				1D57BAFF2C06F8D700AEB8B3 /* Release */,
			);
			defaultConfigurationIsVisible = 0;
			defaultConfigurationName = Release;
		};
/* End XCConfigurationList section */
	};
	rootObject = 1D57BAE72C06F8D600AEB8B3 /* Project object */;
}
